
Microsoft Visual Studio Solution File, Format Version 10.00
# Visual C# Express 2008
Project("{FAE04EC0-301F-11D3-BF4B-00C04F79EFBC}") = "LcogClient", "LcogClient.csproj", "{169277F4-654B-408C-B6D7-08E6890B6FB3}"
EndProject
Global
	GlobalSection(SolutionConfigurationPlatforms) = preSolution
		Debug|Any CPU = Debug|Any CPU
		Release|Any CPU = Release|Any CPU
	EndGlobalSection
	GlobalSection(ProjectConfigurationPlatforms) = postSolution
		{169277F4-654B-408C-B6D7-08E6890B6FB3}.Debug|Any CPU.ActiveCfg = Debug|Any CPU
		{169277F4-654B-408C-B6D7-08E6890B6FB3}.Debug|Any CPU.Build.0 = Debug|Any CPU
		{169277F4-654B-408C-B6D7-08E6890B6FB3}.Release|Any CPU.ActiveCfg = Release|Any CPU
		{169277F4-654B-408C-B6D7-08E6890B6FB3}.Release|Any CPU.Build.0 = Release|Any CPU
	EndGlobalSection
	GlobalSection(SolutionProperties) = preSolution
		HideSolutionNode = FALSE
	EndGlobalSection
EndGlobal
